
Microsoft Visual Studio Solution File, Format Version 12.00
# Visual Studio Version 16
VisualStudioVersion = 25.0.1706.12
MinimumVisualStudioVersion = 10.0.40219.1
Project("{FAE04EC0-301F-11D3-BF4B-00C04F79EFBC}") = "Booking Platform", "Booking Platform\Booking Platform.csproj", "{9219D627-C5BA-477E-9E93-928858696EA5}"
EndProject
Project("{FAE04EC0-301F-11D3-BF4B-00C04F79EFBC}") = "Booking Platform Tests", "Booking Platform Tests\Booking Platform Tests.csproj", "{7E3368E5-D400-4FBF-9048-26033A7C459F}"
EndProject
Global
	GlobalSection(SolutionConfigurationPlatforms) = preSolution
		Debug|Any CPU = Debug|Any CPU
		Release|Any CPU = Release|Any CPU
	EndGlobalSection
	GlobalSection(ProjectConfigurationPlatforms) = postSolution
		{9219D627-C5BA-477E-9E93-928858696EA5}.Debug|Any CPU.ActiveCfg = Debug|Any CPU
		{9219D627-C5BA-477E-9E93-928858696EA5}.Debug|Any CPU.Build.0 = Debug|Any CPU
		{9219D627-C5BA-477E-9E93-928858696EA5}.Release|Any CPU.ActiveCfg = Release|Any CPU
		{9219D627-C5BA-477E-9E93-928858696EA5}.Release|Any CPU.Build.0 = Release|Any CPU
		{7E3368E5-D400-4FBF-9048-26033A7C459F}.Debug|Any CPU.ActiveCfg = Debug|Any CPU
		{7E3368E5-D400-4FBF-9048-26033A7C459F}.Debug|Any CPU.Build.0 = Debug|Any CPU
		{7E3368E5-D400-4FBF-9048-26033A7C459F}.Release|Any CPU.ActiveCfg = Release|Any CPU
		{7E3368E5-D400-4FBF-9048-26033A7C459F}.Release|Any CPU.Build.0 = Release|Any CPU
	EndGlobalSection
	GlobalSection(SolutionProperties) = preSolution
		HideSolutionNode = FALSE
	EndGlobalSection
	GlobalSection(ExtensibilityGlobals) = postSolution
		SolutionGuid = {AE5B64A9-BADE-4D97-9CCC-CC1D1F36BEE1}
	EndGlobalSection
EndGlobal
